
Microsoft Visual Studio Solution File, Format Version 12.00
# Visual Studio Version 16
VisualStudioVersion = 16.0.30011.22
MinimumVisualStudioVersion = 10.0.40219.1
Project("{8BC9CEB8-8B4A-11D0-8D11-00A0C91BC942}") = "GeneticAlgorithm", "GeneticAlgorithm.vcxproj", "{F92A32E0-0A70-4324-9460-1F40DF3370DB}"
EndProject
Global
	GlobalSection(SolutionConfigurationPlatforms) = preSolution
		Debug|x64 = Debug|x64
		Debug|x86 = Debug|x86
		Release|x64 = Release|x64
		Release|x86 = Release|x86
	EndGlobalSection
	GlobalSection(ProjectConfigurationPlatforms) = postSolution
		{F92A32E0-0A70-4324-9460-1F40DF3370DB}.Debug|x64.ActiveCfg = Debug|x64
		{F92A32E0-0A70-4324-9460-1F40DF3370DB}.Debug|x64.Build.0 = Debug|x64
		{F92A32E0-0A70-4324-9460-1F40DF3370DB}.Debug|x86.ActiveCfg = Debug|Win32
		{F92A32E0-0A70-4324-9460-1F40DF3370DB}.Debug|x86.Build.0 = Debug|Win32
		{F92A32E0-0A70-4324-9460-1F40DF3370DB}.Release|x64.ActiveCfg = Release|x64
		{F92A32E0-0A70-4324-9460-1F40DF3370DB}.Release|x64.Build.0 = Release|x64
		{F92A32E0-0A70-4324-9460-1F40DF3370DB}.Release|x86.ActiveCfg = Release|Win32
		{F92A32E0-0A70-4324-9460-1F40DF3370DB}.Release|x86.Build.0 = Release|Win32
	EndGlobalSection
	GlobalSection(SolutionProperties) = preSolution
		HideSolutionNode = FALSE
	EndGlobalSection
	GlobalSection(ExtensibilityGlobals) = postSolution
		SolutionGuid = {B2469FC7-4765-4C13-8351-7CA70D70E873}
	EndGlobalSection
EndGlobal
